
Microsoft Visual Studio Solution File, Format Version 12.00
# Visual Studio Version 17
VisualStudioVersion = 17.9.34723.18
MinimumVisualStudioVersion = 10.0.40219.1
Project("{FAE04EC0-301F-11D3-BF4B-00C04F79EFBC}") = "Sam.BackgroundService.K8sLivenessProbe", "Sam.BackgroundService.K8sLivenessProbe\Sam.BackgroundService.K8sLivenessProbe.csproj", "{A8AB1967-8A0C-427F-97CE-9943FD16A140}"
EndProject
Project("{FAE04EC0-301F-11D3-BF4B-00C04F79EFBC}") = "Sam.BackgroundService.K8sLivenessProbe.Tests", "Sam.BackgroundService.K8sLivenessProbe.Tests\Sam.BackgroundService.K8sLivenessProbe.Tests.csproj", "{9B4B77AA-D567-470E-A277-F9EEC06FBFC9}"
EndProject
Global
	GlobalSection(SolutionConfigurationPlatforms) = preSolution
		Debug|Any CPU = Debug|Any CPU
		Release|Any CPU = Release|Any CPU
	EndGlobalSection
	GlobalSection(ProjectConfigurationPlatforms) = postSolution
		{A8AB1967-8A0C-427F-97CE-9943FD16A140}.Debug|Any CPU.ActiveCfg = Debug|Any CPU
		{A8AB1967-8A0C-427F-97CE-9943FD16A140}.Debug|Any CPU.Build.0 = Debug|Any CPU
		{A8AB1967-8A0C-427F-97CE-9943FD16A140}.Release|Any CPU.ActiveCfg = Release|Any CPU
		{A8AB1967-8A0C-427F-97CE-9943FD16A140}.Release|Any CPU.Build.0 = Release|Any CPU
		{9B4B77AA-D567-470E-A277-F9EEC06FBFC9}.Debug|Any CPU.ActiveCfg = Debug|Any CPU
		{9B4B77AA-D567-470E-A277-F9EEC06FBFC9}.Debug|Any CPU.Build.0 = Debug|Any CPU
		{9B4B77AA-D567-470E-A277-F9EEC06FBFC9}.Release|Any CPU.ActiveCfg = Release|Any CPU
		{9B4B77AA-D567-470E-A277-F9EEC06FBFC9}.Release|Any CPU.Build.0 = Release|Any CPU
	EndGlobalSection
	GlobalSection(SolutionProperties) = preSolution
		HideSolutionNode = FALSE
	EndGlobalSection
	GlobalSection(ExtensibilityGlobals) = postSolution
		SolutionGuid = {246A4ADA-499D-4285-B162-FC70727B6277}
	EndGlobalSection
EndGlobal
